# This file is autogenerated, do not edit; changes may be undone by the next 'dep ensure'.


[[projects]]
  branch = "master"
  digest = "1:8eac442140d1c2fa02b34c066f6db4c2d181f990c1180797582076cfba6a0166"
  name = "github.com/apimatic/form"
  packages = ["."]
  pruneopts = "UT"
  revision = "57699fab37f4ca4e5a62d104c4ccd59f6ec095b3"

[[projects]]
  branch = "master"
  digest = "1:d5ecc3701554da97f07e4c0af357eda4a9ebd8734a1f76e13852b4427557cd3e"
  name = "github.com/apimatic/unirest-go"
  packages = ["."]
  pruneopts = "UT"
  revision = "d45bb1fa466a6602f5f99f86f0a2b2474c8d4108"

[[projects]]
  digest = "1:2fd83c8c2b1ff53fd7c4376a63c3a2f31e002e9296df9d7f150b07da524de88d"
  name = "github.com/briandowns/spinner"
  packages = ["."]
  pruneopts = "UT"
  revision = "dd69c579ff204842e8962816987f838e2c2c18d8"
  version = "1.4"

[[projects]]
  digest = "1:3cca54b89f4e60143570d3680cb09d76a59b1a27bbc179d7b175415fe5182356"
  name = "github.com/domodwyer/mailyak"
  packages = ["."]
  pruneopts = "UT"
  revision = "89444b05799b115121931b3b6bd05e820e69dc8b"
  version = "v3.1.1"

[[projects]]
  digest = "1:865079840386857c809b72ce300be7580cb50d3d3129ce11bf9aa6ca2bc1934a"
  name = "github.com/fatih/color"
  packages = ["."]
  pruneopts = "UT"
  revision = "5b77d2a35fb0ede96d138fc9a99f5c9b6aef11b4"
  version = "v1.7.0"

[[projects]]
  branch = "master"
  digest = "1:6727359c2ab1efe714cc87acb36be6cf15a3aae078d8ae736a17fec787dab307"
  name = "github.com/hokaccha/go-prettyjson"
  packages = ["."]
  pruneopts = "UT"
  revision = "f579f869bbfea48a61fbea09207cadd1aaeceb83"

[[projects]]
  digest = "1:c658e84ad3916da105a761660dcaeb01e63416c8ec7bc62256a9b411a05fcd67"
  name = "github.com/mattn/go-colorable"
  packages = ["."]
  pruneopts = "UT"
  revision = "167de6bfdfba052fa6b2d3664c8f5272e23c9072"
  version = "v0.0.9"

[[projects]]
  digest = "1:0981502f9816113c9c8c4ac301583841855c8cf4da8c72f696b3ebedf6d0e4e5"
  name = "github.com/mattn/go-isatty"
  packages = ["."]
  pruneopts = "UT"
  revision = "6ca4dbf54d38eea1a992b3c722a76a5d1c4cb25c"
  version = "v0.0.4"

[[projects]]
  branch = "master"
  digest = "1:bb707ab14da7d97edb888cd53659d6a46f8ae88c449cb40d0515c9cb5724c60b"
  name = "github.com/pepipost/pepipost-sdk-go"
  packages = [
    "pepipost_lib/apihelper_pkg",
    "pepipost_lib/configuration_pkg",
    "pepipost_lib/email_pkg",
    "pepipost_lib/models_pkg",
    "pepipost_lib/pepipost_pkg",
  ]
  pruneopts = "UT"
  revision = "1391fecb6b2b6f2e372c1cf391351d7c40b3fe0a"

[[projects]]
  digest = "1:274f67cb6fed9588ea2521ecdac05a6d62a8c51c074c1fccc6a49a40ba80e925"
  name = "github.com/satori/go.uuid"
  packages = ["."]
  pruneopts = "UT"
  revision = "f58768cc1a7a7e77a3bd49e98cdd21419399b6a3"
  version = "v1.2.0"

[[projects]]
  digest = "1:b24d38b282bacf9791408a080f606370efa3d364e4b5fd9ba0f7b87786d3b679"
  name = "github.com/urfave/cli"
  packages = ["."]
  pruneopts = "UT"
  revision = "cfb38830724cc34fedffe9a2a29fb54fa9169cd1"
  version = "v1.20.0"

[[projects]]
  branch = "release-branch.go1.11"
  digest = "1:33a43cb31975899cfcd81600d1390467db1778ae87102f80668a753fed8c663e"
  name = "golang.org/x/sys"
  packages = ["unix"]
  pruneopts = "UT"
  revision = "98c5dad5d1a0e8a73845ecc8897d0bd56586511d"

[solve-meta]
  analyzer-name = "dep"
  analyzer-version = 1
  input-imports = [
    "github.com/briandowns/spinner",
    "github.com/domodwyer/mailyak",
    "github.com/hokaccha/go-prettyjson",
    "github.com/pepipost/pepipost-sdk-go/pepipost_lib/models_pkg",
    "github.com/pepipost/pepipost-sdk-go/pepipost_lib/pepipost_pkg",
    "github.com/urfave/cli",
  ]
  solver-name = "gps-cdcl"
  solver-version = 1
